{
  "version": 4,
  "terraform_version": "1.12.6",
  "serial": 2,
  "lineage": "8d7bbdfe-6908-f592-0447-d0248f4ad439",
  "outputs": {},
  "resources": [
    {
      "mode": "managed",
      "type": "opnsense_unbound_forward",
      "name": "homelab_dnsmasq",
      "provider": "provider[\"registry.opentofu.org/browningluke/opnsense\"]",
      "instances": [
        {
          "schema_version": 0,
          "attributes": {
            "domain": "homelab",
            "enabled": true,
            "id": "f9fdf787-a6ca-481f-af52-fdf16314d254",
            "server_ip": "127.0.0.1",
            "server_port": 53053,
            "type": "query",
            "verify_cn": ""
          },
          "sensitive_attributes": []
        }
      ]
    },
    {
      "mode": "managed",
      "type": "opnsense_unbound_host_override",
      "name": "auth",
      "provider": "provider[\"registry.opentofu.org/browningluke/opnsense\"]",
      "instances": [
        {
          "schema_version": 0,
          "attributes": {
            "description": null,
            "domain": "homelab.lan",
            "enabled": true,
            "hostname": "auth",
            "id": "439de1ed-360c-468d-a6da-868e4318d696",
            "mx_host": "",
            "mx_priority": -1,
            "server": "192.168.100.13",
            "type": "A"
          },
          "sensitive_attributes": []
        }
      ]
    },
    {
      "mode": "managed",
      "type": "opnsense_unbound_host_override",
      "name": "authentik",
      "provider": "provider[\"registry.opentofu.org/browningluke/opnsense\"]",
      "instances": [
        {
          "schema_version": 0,
          "attributes": {
            "description": null,
            "domain": "homelab.lan",
            "enabled": true,
            "hostname": "authentik",
            "id": "0af9f3a1-f26d-4071-915b-b16eff58bf9d",
            "mx_host": "",
            "mx_priority": -1,
            "server": "192.168.100.52",
            "type": "A"
          },
          "sensitive_attributes": []
        }
      ]
    },
    {
      "mode": "managed",
      "type": "opnsense_unbound_host_override",
      "name": "element",
      "provider": "provider[\"registry.opentofu.org/browningluke/opnsense\"]",
      "instances": [
        {
          "schema_version": 0,
          "attributes": {
            "description": null,
            "domain": "homelab.lan",
            "enabled": true,
            "hostname": "element",
            "id": "00a3ff40-355c-4627-a3ec-793818c372a1",
            "mx_host": "",
            "mx_priority": -1,
            "server": "192.168.100.13",
            "type": "A"
          },
          "sensitive_attributes": []
        }
      ]
    },
    {
      "mode": "managed",
      "type": "opnsense_unbound_host_override",
      "name": "firewall",
      "provider": "provider[\"registry.opentofu.org/browningluke/opnsense\"]",
      "instances": [
        {
          "schema_version": 0,
          "attributes": {
            "description": "Firewall",
            "domain": "homelab.lan",
            "enabled": true,
            "hostname": "firewall",
            "id": "42374e36-eb5c-4c0a-b13b-ed5999103fef",
            "mx_host": "",
            "mx_priority": -1,
            "server": "192.168.100.1",
            "type": "A"
          },
          "sensitive_attributes": []
        }
      ]
    },
    {
      "mode": "managed",
      "type": "opnsense_unbound_host_override",
      "name": "homepage",
      "provider": "provider[\"registry.opentofu.org/browningluke/opnsense\"]",
      "instances": [
        {
          "schema_version": 0,
          "attributes": {
            "description": null,
            "domain": "homelab.lan",
            "enabled": true,
            "hostname": "homepage",
            "id": "55901261-eedc-44fb-ae1e-967e0e985512",
            "mx_host": "",
            "mx_priority": -1,
            "server": "192.168.100.12",
            "type": "A"
          },
          "sensitive_attributes": []
        }
      ]
    },
    {
      "mode": "managed",
      "type": "opnsense_unbound_host_override",
      "name": "karate",
      "provider": "provider[\"registry.opentofu.org/browningluke/opnsense\"]",
      "instances": [
        {
          "schema_version": 0,
          "attributes": {
            "description": "Karate Tournament app (pve CT 400)",
            "domain": "homelab.lan",
            "enabled": true,
            "hostname": "karate",
            "id": "6f871a48-091e-4064-8b30-c54d7943ad66",
            "mx_host": "",
            "mx_priority": -1,
            "server": "192.168.100.54",
            "type": "A"
          },
          "sensitive_attributes": []
        }
      ]
    },
    {
      "mode": "managed",
      "type": "opnsense_unbound_host_override",
      "name": "karate_zitadel",
      "provider": "provider[\"registry.opentofu.org/browningluke/opnsense\"]",
      "instances": [
        {
          "schema_version": 0,
          "attributes": {
            "description": "Karate Zitadel identity stack (pve CT 401)",
            "domain": "homelab.lan",
            "enabled": true,
            "hostname": "karate-zitadel",
            "id": "b9ad619d-534a-443d-93eb-c9c5aa8b5b14",
            "mx_host": "",
            "mx_priority": -1,
            "server": "192.168.100.55",
            "type": "A"
          },
          "sensitive_attributes": []
        }
      ]
    },
    {
      "mode": "managed",
      "type": "opnsense_unbound_host_override",
      "name": "matrix",
      "provider": "provider[\"registry.opentofu.org/browningluke/opnsense\"]",
      "instances": [
        {
          "schema_version": 0,
          "attributes": {
            "description": null,
            "domain": "homelab.lan",
            "enabled": true,
            "hostname": "matrix",
            "id": "4db5f035-e720-4078-9965-a3585413935a",
            "mx_host": "",
            "mx_priority": -1,
            "server": "192.168.100.13",
            "type": "A"
          },
          "sensitive_attributes": []
        }
      ]
    },
    {
      "mode": "managed",
      "type": "opnsense_unbound_host_override",
      "name": "proxmox",
      "provider": "provider[\"registry.opentofu.org/browningluke/opnsense\"]",
      "instances": [
        {
          "schema_version": 0,
          "attributes": {
            "description": "Proxmox",
            "domain": "homelab.lan",
            "enabled": true,
            "hostname": "proxmox",
            "id": "c7934662-230f-4047-928e-4b6fc9434b1e",
            "mx_host": "",
            "mx_priority": -1,
            "server": "192.168.100.10",
            "type": "A"
          },
          "sensitive_attributes": []
        }
      ]
    },
    {
      "mode": "managed",
      "type": "opnsense_unbound_host_override",
      "name": "vault",
      "provider": "provider[\"registry.opentofu.org/browningluke/opnsense\"]",
      "instances": [
        {
          "schema_version": 0,
          "attributes": {
            "description": "Vault",
            "domain": "homelab.lan",
            "enabled": true,
            "hostname": "vault",
            "id": "07a3fec3-f797-44b5-9596-43f2979ac901",
            "mx_host": "",
            "mx_priority": -1,
            "server": "192.168.100.50",
            "type": "A"
          },
          "sensitive_attributes": []
        }
      ]
    },
    {
      "mode": "managed",
      "type": "opnsense_unbound_settings",
      "name": "settings",
      "provider": "provider[\"registry.opentofu.org/browningluke/opnsense\"]",
      "instances": [
        {
          "schema_version": 1,
          "attributes": {
            "acls": {
              "default_action": "allow"
            },
            "advanced": {
              "aggressive_nsec": true,
              "cache": {
                "enable_prefetch": false,
                "host_ttl": -1,
                "keep_probing_hosts": false,
                "max_negative_ttl": -1,
                "max_ttl": -1,
                "min_ttl": -1,
                "msg_cache_size": "",
                "num_hosts": -1,
                "rrset_cache_size": "",
                "unwanted_reply_threshold": -1
              },
              "discard_timeout": -1,
              "dnssec_stripped": false,
              "enable_prefetch_key": false,
              "hide_identity": false,
              "hide_version": false,
              "incoming_num_tcp": -1,
              "insecure_domains": [],
              "jostle_timeout": -1,
              "logging": {
                "extended_statistics": false,
                "log_local_actions": false,
                "log_queries": false,
                "log_replies": false,
                "log_servfail": false,
                "tag_query_reply": false,
                "validation_level": 0,
                "verbosity_level": 1
              },
              "num_queries_per_thread": -1,
              "outgoing_num_tcp": -1,
              "outgoing_range": -1,
              "private_addresses": [
                "0.0.0.0/8",
                "10.0.0.0/8",
                "100.64.0.0/10",
                "169.254.0.0/16",
                "172.16.0.0/12",
                "192.0.2.0/24",
                "192.168.0.0/16",
                "198.18.0.0/15",
                "198.51.100.0/24",
                "2001:db8::/32",
                "203.0.113.0/24",
                "233.252.0.0/24",
                "::1/128",
                "fc00::/8",
                "fd00::/8",
                "fe80::/10"
              ],
              "private_domains": [],
              "qname_min_strict": false,
              "serve_expired": {
                "client_response_timeout": "",
                "enabled": false,
                "record_reply_ttl": "",
                "reset_ttl": false,
                "ttl": ""
              }
            },
            "dnsbl": {
              "blocklist_domains": [],
              "blocklists": [],
              "destination_address": "",
              "enabled": false,
              "force_safe_search": false,
              "return_nxdomain": false,
              "type": [],
              "whitelist_domains": [],
              "wildcard_domains": []
            },
            "forwarding": {
              "enabled": false
            },
            "general": {
              "dhcp_domain_override": "",
              "dns64_prefix": "",
              "enable_dns64": false,
              "enable_dnssec": true,
              "enable_reload_cache_flush": false,
              "enable_txt_support": false,
              "enable_wpad": false,
              "enabled": true,
              "listen_interfaces": [],
              "local_zone_type": "transparent",
              "no_a_records": false,
              "outgoing_interfaces": [],
              "port": 53,
              "register_dhcp_leases": false,
              "register_dhcp_static_mappings": false,
              "register_ipv6_link_local": true,
              "register_systems_records": true
            },
            "id": "unbound_settings"
          },
          "sensitive_attributes": []
        }
      ]
    }
  ],
  "check_results": null
}

